
Microsoft Visual Studio Solution File, Format Version 10.00
# Visual Studio 2008
Project("{FAE04EC0-301F-11D3-BF4B-00C04F79EFBC}") = "FuzzyCMeansKMeans", "FuzzyCMeansKMeans\FuzzyCMeansKMeans.csproj", "{FA38C66D-DFF6-4F4A-B5D4-AAAC94B5145B}"
EndProject
Global
	GlobalSection(SolutionConfigurationPlatforms) = preSolution
		Debug|Any CPU = Debug|Any CPU
		Release|Any CPU = Release|Any CPU
	EndGlobalSection
	GlobalSection(ProjectConfigurationPlatforms) = postSolution
		{FA38C66D-DFF6-4F4A-B5D4-AAAC94B5145B}.Debug|Any CPU.ActiveCfg = Debug|Any CPU
		{FA38C66D-DFF6-4F4A-B5D4-AAAC94B5145B}.Debug|Any CPU.Build.0 = Debug|Any CPU
		{FA38C66D-DFF6-4F4A-B5D4-AAAC94B5145B}.Release|Any CPU.ActiveCfg = Release|Any CPU
		{FA38C66D-DFF6-4F4A-B5D4-AAAC94B5145B}.Release|Any CPU.Build.0 = Release|Any CPU
	EndGlobalSection
	GlobalSection(SolutionProperties) = preSolution
		HideSolutionNode = FALSE
	EndGlobalSection
EndGlobal
